
Microsoft Visual Studio Solution File, Format Version 12.00
# Visual Studio Version 17
VisualStudioVersion = 17.0.32014.148
MinimumVisualStudioVersion = 10.0.40219.1
Project("{FAE04EC0-301F-11D3-BF4B-00C04F79EFBC}") = "Sortedlist prac", "Sortedlist prac\Sortedlist prac.csproj", "{ADFD74DC-E067-443E-B5B9-DA0564DF0C07}"
EndProject
Global
	GlobalSection(SolutionConfigurationPlatforms) = preSolution
		Debug|Any CPU = Debug|Any CPU
		Release|Any CPU = Release|Any CPU
	EndGlobalSection
	GlobalSection(ProjectConfigurationPlatforms) = postSolution
		{ADFD74DC-E067-443E-B5B9-DA0564DF0C07}.Debug|Any CPU.ActiveCfg = Debug|Any CPU
		{ADFD74DC-E067-443E-B5B9-DA0564DF0C07}.Debug|Any CPU.Build.0 = Debug|Any CPU
		{ADFD74DC-E067-443E-B5B9-DA0564DF0C07}.Release|Any CPU.ActiveCfg = Release|Any CPU
		{ADFD74DC-E067-443E-B5B9-DA0564DF0C07}.Release|Any CPU.Build.0 = Release|Any CPU
	EndGlobalSection
	GlobalSection(SolutionProperties) = preSolution
		HideSolutionNode = FALSE
	EndGlobalSection
	GlobalSection(ExtensibilityGlobals) = postSolution
		SolutionGuid = {C3D797E1-7A8A-455E-ABF9-31D0C42F83BD}
	EndGlobalSection
EndGlobal
